// !$*UTF8*$!
{
	archiveVersion = 1;
	classes = {
	};
	objectVersion = 51;
	objects = {

/* Begin PBXBuildFile section */
		2F1125542551A005004A02B1 /* LoginViewController.swift in Sources */ = {isa = PBXBuildFile; fileRef = 2F1125532551A005004A02B1 /* LoginViewController.swift */; };
		2F1125572551A024004A02B1 /* SignUpViewController.swift in Sources */ = {isa = PBXBuildFile; fileRef = 2F1125562551A024004A02B1 /* SignUpViewController.swift */; };
		2F11255B2551A03E004A02B1 /* ForgotPasswordViewController.swift in Sources */ = {isa = PBXBuildFile; fileRef = 2F11255A2551A03E004A02B1 /* ForgotPasswordViewController.swift */; };
		2F11255E2551A083004A02B1 /* HomeViewController.swift in Sources */ = {isa = PBXBuildFile; fileRef = 2F11255D2551A083004A02B1 /* HomeViewController.swift */; };
		2F1125622551A097004A02B1 /* AccountViewController.swift in Sources */ = {isa = PBXBuildFile; fileRef = 2F1125612551A097004A02B1 /* AccountViewController.swift */; };
		2F1125662551AE59004A02B1 /* GoogleService-Info.plist in Resources */ = {isa = PBXBuildFile; fileRef = 2F1125652551AE59004A02B1 /* GoogleService-Info.plist */; };
		2F1D266D259C5725003ABDCF /* StickerCategory.swift in Sources */ = {isa = PBXBuildFile; fileRef = 2F1D266C259C5725003ABDCF /* StickerCategory.swift */; };
		2F3141572594EFC900D47E3F /* ProfileTableViewCell.swift in Sources */ = {isa = PBXBuildFile; fileRef = 2F3141552594EFC900D47E3F /* ProfileTableViewCell.swift */; };
		2F3141582594EFC900D47E3F /* ProfileTableViewCell.xib in Resources */ = {isa = PBXBuildFile; fileRef = 2F3141562594EFC900D47E3F /* ProfileTableViewCell.xib */; };
		2F382FC62562E3CD00D3A125 /* Utilities.swift in Sources */ = {isa = PBXBuildFile; fileRef = 2F382FC52562E3CD00D3A125 /* Utilities.swift */; };
		2F393A0F255AEAEA006CDBDE /* LandingPageViewController.swift in Sources */ = {isa = PBXBuildFile; fileRef = 2F393A0E255AEAEA006CDBDE /* LandingPageViewController.swift */; };
		2F393A13255AEB57006CDBDE /* LandingViewController.swift in Sources */ = {isa = PBXBuildFile; fileRef = 2F393A12255AEB57006CDBDE /* LandingViewController.swift */; };
		2F393A17255AEBBE006CDBDE /* LandingPageContentViewController.swift in Sources */ = {isa = PBXBuildFile; fileRef = 2F393A16255AEBBE006CDBDE /* LandingPageContentViewController.swift */; };
		2F402CA6256806DD00666028 /* User.storyboard in Resources */ = {isa = PBXBuildFile; fileRef = 2F402CA5256806DD00666028 /* User.storyboard */; };
		2F4CE06E257E63F9001C3768 /* StickersViewController.swift in Sources */ = {isa = PBXBuildFile; fileRef = 2F4CE06D257E63F9001C3768 /* StickersViewController.swift */; };
		2F51D3212565915D00EDCD00 /* ForgotPasswordViewControllerContainer.swift in Sources */ = {isa = PBXBuildFile; fileRef = 2F51D3202565915C00EDCD00 /* ForgotPasswordViewControllerContainer.swift */; };
		2F5608BA253CA9B300544F68 /* Assets.xcassets in Resources */ = {isa = PBXBuildFile; fileRef = 2FDE0C5F251B2F8E00A0A75D /* Assets.xcassets */; };
		2F58B0DE25A47CB7009EFDE5 /* UserViewModel.swift in Sources */ = {isa = PBXBuildFile; fileRef = 2F58B0DD25A47CB7009EFDE5 /* UserViewModel.swift */; };
		2F58B0E125A47CE0009EFDE5 /* User.swift in Sources */ = {isa = PBXBuildFile; fileRef = 2F58B0E025A47CE0009EFDE5 /* User.swift */; };
		2F6EAB1625A5A9A400BEFE6C /* StickerOptionViewController.swift in Sources */ = {isa = PBXBuildFile; fileRef = 2F6EAB1525A5A9A300BEFE6C /* StickerOptionViewController.swift */; };
		2F7950D0259CC62F005B2A27 /* StickerCategoryViewModel.swift in Sources */ = {isa = PBXBuildFile; fileRef = 2F7950CF259CC62F005B2A27 /* StickerCategoryViewModel.swift */; };
		2F88A016259B1FBC00AAC82D /* Sticker.swift in Sources */ = {isa = PBXBuildFile; fileRef = 2F88A015259B1FBC00AAC82D /* Sticker.swift */; };
		2F88A019259B239700AAC82D /* StickerViewModel.swift in Sources */ = {isa = PBXBuildFile; fileRef = 2F88A018259B239700AAC82D /* StickerViewModel.swift */; };
		2F8F950D2565C59A00ECDF83 /* SignUpViewControllerContainer.swift in Sources */ = {isa = PBXBuildFile; fileRef = 2F8F950C2565C59A00ECDF83 /* SignUpViewControllerContainer.swift */; };
		2FB1ABE52552ED8C0076A8FD /* Strings.swift in Sources */ = {isa = PBXBuildFile; fileRef = 2FB1ABE42552ED8C0076A8FD /* Strings.swift */; };
		2FBA003F25656C7200B763D7 /* LoginViewControllerContainer.swift in Sources */ = {isa = PBXBuildFile; fileRef = 2FBA003E25656C7200B763D7 /* LoginViewControllerContainer.swift */; };
		2FD12265255AB77A00DA9F9E /* GetStartedViewController.swift in Sources */ = {isa = PBXBuildFile; fileRef = 2FD12264255AB77A00DA9F9E /* GetStartedViewController.swift */; };
		2FD6E4D2257AC96100B49E41 /* FeaturedCollectionViewCell.swift in Sources */ = {isa = PBXBuildFile; fileRef = 2FD6E4D0257AC96100B49E41 /* FeaturedCollectionViewCell.swift */; };
		2FD6E4D3257AC96100B49E41 /* FeaturedCollectionViewCell.xib in Resources */ = {isa = PBXBuildFile; fileRef = 2FD6E4D1257AC96100B49E41 /* FeaturedCollectionViewCell.xib */; };
		2FD6E4DA257AC99900B49E41 /* StickerCollectionViewCell.swift in Sources */ = {isa = PBXBuildFile; fileRef = 2FD6E4D8257AC99900B49E41 /* StickerCollectionViewCell.swift */; };
		2FD6E4DB257AC99900B49E41 /* StickerCollectionViewCell.xib in Resources */ = {isa = PBXBuildFile; fileRef = 2FD6E4D9257AC99900B49E41 /* StickerCollectionViewCell.xib */; };
		2FD6E4E0257AC9BE00B49E41 /* StickerCategoryCollectionViewCell.swift in Sources */ = {isa = PBXBuildFile; fileRef = 2FD6E4DE257AC9BE00B49E41 /* StickerCategoryCollectionViewCell.swift */; };
		2FD6E4E1257AC9BE00B49E41 /* StickerCategoryCollectionViewCell.xib in Resources */ = {isa = PBXBuildFile; fileRef = 2FD6E4DF257AC9BE00B49E41 /* StickerCategoryCollectionViewCell.xib */; };
		2FE99CF825183D3F002AFFDC /* AppDelegate.swift in Sources */ = {isa = PBXBuildFile; fileRef = 2FE99CF725183D3F002AFFDC /* AppDelegate.swift */; };
		2FE99CFA25183D3F002AFFDC /* art.scnassets in Resources */ = {isa = PBXBuildFile; fileRef = 2FE99CF925183D3F002AFFDC /* art.scnassets */; };
		2FE99CFC25183D3F002AFFDC /* CaptureViewController.swift in Sources */ = {isa = PBXBuildFile; fileRef = 2FE99CFB25183D3F002AFFDC /* CaptureViewController.swift */; };
		2FE99CFF25183D3F002AFFDC /* Main.storyboard in Resources */ = {isa = PBXBuildFile; fileRef = 2FE99CFD25183D3F002AFFDC /* Main.storyboard */; };
		2FE99D0425183D40002AFFDC /* LaunchScreen.storyboard in Resources */ = {isa = PBXBuildFile; fileRef = 2FE99D0225183D40002AFFDC /* LaunchScreen.storyboard */; };
		2FEB84042598B0E200E1112C /* SavedStickersTableViewCell.swift in Sources */ = {isa = PBXBuildFile; fileRef = 2FEB84002598B0E200E1112C /* SavedStickersTableViewCell.swift */; };
		2FEB84052598B0E200E1112C /* SavedStickersTableViewCell.xib in Resources */ = {isa = PBXBuildFile; fileRef = 2FEB84012598B0E200E1112C /* SavedStickersTableViewCell.xib */; };
		2FF328312580FEF4001E6E1E /* TabBarViewController.swift in Sources */ = {isa = PBXBuildFile; fileRef = 2FF328302580FEF4001E6E1E /* TabBarViewController.swift */; };
		2FFB0C4825A84EAC00FAED42 /* ProfileViewController.swift in Sources */ = {isa = PBXBuildFile; fileRef = 2FFB0C4725A84EAC00FAED42 /* ProfileViewController.swift */; };
		2FFB0C4B25A873EC00FAED42 /* ProfileSettingsViewModel.swift in Sources */ = {isa = PBXBuildFile; fileRef = 2FFB0C4A25A873EC00FAED42 /* ProfileSettingsViewModel.swift */; };
		2FFB0C4E25A8740400FAED42 /* ProfileSettings.swift in Sources */ = {isa = PBXBuildFile; fileRef = 2FFB0C4D25A8740400FAED42 /* ProfileSettings.swift */; };
		C701D0654D7D370E8996BA27 /* Pods_BeStrokes.framework in Frameworks */ = {isa = PBXBuildFile; fileRef = 497871CF40741AC493C61604 /* Pods_BeStrokes.framework */; };
/* End PBXBuildFile section */

/* Begin PBXFileReference section */
		2F1125532551A005004A02B1 /* LoginViewController.swift */ = {isa = PBXFileReference; lastKnownFileType = sourcecode.swift; path = LoginViewController.swift; sourceTree = "<group>"; };
		2F1125562551A024004A02B1 /* SignUpViewController.swift */ = {isa = PBXFileReference; lastKnownFileType = sourcecode.swift; path = SignUpViewController.swift; sourceTree = "<group>"; };
		2F11255A2551A03E004A02B1 /* ForgotPasswordViewController.swift */ = {isa = PBXFileReference; lastKnownFileType = sourcecode.swift; path = ForgotPasswordViewController.swift; sourceTree = "<group>"; };
		2F11255D2551A083004A02B1 /* HomeViewController.swift */ = {isa = PBXFileReference; lastKnownFileType = sourcecode.swift; path = HomeViewController.swift; sourceTree = "<group>"; };
		2F1125612551A097004A02B1 /* AccountViewController.swift */ = {isa = PBXFileReference; lastKnownFileType = sourcecode.swift; path = AccountViewController.swift; sourceTree = "<group>"; };
		2F1125652551AE59004A02B1 /* GoogleService-Info.plist */ = {isa = PBXFileReference; fileEncoding = 4; lastKnownFileType = text.plist.xml; path = "GoogleService-Info.plist"; sourceTree = "<group>"; };
		2F1D266C259C5725003ABDCF /* StickerCategory.swift */ = {isa = PBXFileReference; lastKnownFileType = sourcecode.swift; path = StickerCategory.swift; sourceTree = "<group>"; };
		2F3141552594EFC900D47E3F /* ProfileTableViewCell.swift */ = {isa = PBXFileReference; lastKnownFileType = sourcecode.swift; path = ProfileTableViewCell.swift; sourceTree = "<group>"; };
		2F3141562594EFC900D47E3F /* ProfileTableViewCell.xib */ = {isa = PBXFileReference; lastKnownFileType = file.xib; path = ProfileTableViewCell.xib; sourceTree = "<group>"; };
		2F382FC52562E3CD00D3A125 /* Utilities.swift */ = {isa = PBXFileReference; lastKnownFileType = sourcecode.swift; path = Utilities.swift; sourceTree = "<group>"; };
		2F393A0E255AEAEA006CDBDE /* LandingPageViewController.swift */ = {isa = PBXFileReference; lastKnownFileType = sourcecode.swift; path = LandingPageViewController.swift; sourceTree = "<group>"; };
		2F393A12255AEB57006CDBDE /* LandingViewController.swift */ = {isa = PBXFileReference; lastKnownFileType = sourcecode.swift; path = LandingViewController.swift; sourceTree = "<group>"; };
		2F393A16255AEBBE006CDBDE /* LandingPageContentViewController.swift */ = {isa = PBXFileReference; lastKnownFileType = sourcecode.swift; path = LandingPageContentViewController.swift; sourceTree = "<group>"; };
		2F402CA5256806DD00666028 /* User.storyboard */ = {isa = PBXFileReference; lastKnownFileType = file.storyboard; path = User.storyboard; sourceTree = "<group>"; };
		2F4CE06D257E63F9001C3768 /* StickersViewController.swift */ = {isa = PBXFileReference; lastKnownFileType = sourcecode.swift; path = StickersViewController.swift; sourceTree = "<group>"; };
		2F51D3202565915C00EDCD00 /* ForgotPasswordViewControllerContainer.swift */ = {isa = PBXFileReference; lastKnownFileType = sourcecode.swift; path = ForgotPasswordViewControllerContainer.swift; sourceTree = "<group>"; };
		2F58B0DD25A47CB7009EFDE5 /* UserViewModel.swift */ = {isa = PBXFileReference; lastKnownFileType = sourcecode.swift; path = UserViewModel.swift; sourceTree = "<group>"; };
		2F58B0E025A47CE0009EFDE5 /* User.swift */ = {isa = PBXFileReference; lastKnownFileType = sourcecode.swift; path = User.swift; sourceTree = "<group>"; };
		2F6EAB1525A5A9A300BEFE6C /* StickerOptionViewController.swift */ = {isa = PBXFileReference; fileEncoding = 4; lastKnownFileType = sourcecode.swift; path = StickerOptionViewController.swift; sourceTree = "<group>"; };
		2F7950CF259CC62F005B2A27 /* StickerCategoryViewModel.swift */ = {isa = PBXFileReference; lastKnownFileType = sourcecode.swift; path = StickerCategoryViewModel.swift; sourceTree = "<group>"; };
		2F88A015259B1FBC00AAC82D /* Sticker.swift */ = {isa = PBXFileReference; lastKnownFileType = sourcecode.swift; path = Sticker.swift; sourceTree = "<group>"; };
		2F88A018259B239700AAC82D /* StickerViewModel.swift */ = {isa = PBXFileReference; lastKnownFileType = sourcecode.swift; path = StickerViewModel.swift; sourceTree = "<group>"; };
		2F8F950C2565C59A00ECDF83 /* SignUpViewControllerContainer.swift */ = {isa = PBXFileReference; lastKnownFileType = sourcecode.swift; path = SignUpViewControllerContainer.swift; sourceTree = "<group>"; };
		2FB1ABE42552ED8C0076A8FD /* Strings.swift */ = {isa = PBXFileReference; lastKnownFileType = sourcecode.swift; path = Strings.swift; sourceTree = "<group>"; };
		2FBA003E25656C7200B763D7 /* LoginViewControllerContainer.swift */ = {isa = PBXFileReference; lastKnownFileType = sourcecode.swift; path = LoginViewControllerContainer.swift; sourceTree = "<group>"; };
		2FD12264255AB77A00DA9F9E /* GetStartedViewController.swift */ = {isa = PBXFileReference; lastKnownFileType = sourcecode.swift; path = GetStartedViewController.swift; sourceTree = "<group>"; };
		2FD6E4D0257AC96100B49E41 /* FeaturedCollectionViewCell.swift */ = {isa = PBXFileReference; lastKnownFileType = sourcecode.swift; path = FeaturedCollectionViewCell.swift; sourceTree = "<group>"; };
		2FD6E4D1257AC96100B49E41 /* FeaturedCollectionViewCell.xib */ = {isa = PBXFileReference; lastKnownFileType = file.xib; path = FeaturedCollectionViewCell.xib; sourceTree = "<group>"; };
		2FD6E4D8257AC99900B49E41 /* StickerCollectionViewCell.swift */ = {isa = PBXFileReference; lastKnownFileType = sourcecode.swift; path = StickerCollectionViewCell.swift; sourceTree = "<group>"; };
		2FD6E4D9257AC99900B49E41 /* StickerCollectionViewCell.xib */ = {isa = PBXFileReference; lastKnownFileType = file.xib; path = StickerCollectionViewCell.xib; sourceTree = "<group>"; };
		2FD6E4DE257AC9BE00B49E41 /* StickerCategoryCollectionViewCell.swift */ = {isa = PBXFileReference; lastKnownFileType = sourcecode.swift; path = StickerCategoryCollectionViewCell.swift; sourceTree = "<group>"; };
		2FD6E4DF257AC9BE00B49E41 /* StickerCategoryCollectionViewCell.xib */ = {isa = PBXFileReference; lastKnownFileType = file.xib; path = StickerCategoryCollectionViewCell.xib; sourceTree = "<group>"; };
		2FDE0C5F251B2F8E00A0A75D /* Assets.xcassets */ = {isa = PBXFileReference; lastKnownFileType = folder.assetcatalog; path = Assets.xcassets; sourceTree = "<group>"; };
		2FE99CF425183D3F002AFFDC /* BeStrokes.app */ = {isa = PBXFileReference; explicitFileType = wrapper.application; includeInIndex = 0; path = BeStrokes.app; sourceTree = BUILT_PRODUCTS_DIR; };
		2FE99CF725183D3F002AFFDC /* AppDelegate.swift */ = {isa = PBXFileReference; lastKnownFileType = sourcecode.swift; path = AppDelegate.swift; sourceTree = "<group>"; };
		2FE99CF925183D3F002AFFDC /* art.scnassets */ = {isa = PBXFileReference; lastKnownFileType = wrapper.scnassets; path = art.scnassets; sourceTree = "<group>"; };
		2FE99CFB25183D3F002AFFDC /* CaptureViewController.swift */ = {isa = PBXFileReference; lastKnownFileType = sourcecode.swift; path = CaptureViewController.swift; sourceTree = "<group>"; };
		2FE99CFE25183D3F002AFFDC /* Base */ = {isa = PBXFileReference; lastKnownFileType = file.storyboard; name = Base; path = Base.lproj/Main.storyboard; sourceTree = "<group>"; };
		2FE99D0325183D40002AFFDC /* Base */ = {isa = PBXFileReference; lastKnownFileType = file.storyboard; name = Base; path = Base.lproj/LaunchScreen.storyboard; sourceTree = "<group>"; };
		2FE99D0525183D40002AFFDC /* Info.plist */ = {isa = PBXFileReference; lastKnownFileType = text.plist.xml; path = Info.plist; sourceTree = "<group>"; };
		2FEB84002598B0E200E1112C /* SavedStickersTableViewCell.swift */ = {isa = PBXFileReference; fileEncoding = 4; lastKnownFileType = sourcecode.swift; path = SavedStickersTableViewCell.swift; sourceTree = "<group>"; };
		2FEB84012598B0E200E1112C /* SavedStickersTableViewCell.xib */ = {isa = PBXFileReference; fileEncoding = 4; lastKnownFileType = file.xib; path = SavedStickersTableViewCell.xib; sourceTree = "<group>"; };
		2FF328302580FEF4001E6E1E /* TabBarViewController.swift */ = {isa = PBXFileReference; lastKnownFileType = sourcecode.swift; path = TabBarViewController.swift; sourceTree = "<group>"; };
		2FFB0C4725A84EAC00FAED42 /* ProfileViewController.swift */ = {isa = PBXFileReference; lastKnownFileType = sourcecode.swift; path = ProfileViewController.swift; sourceTree = "<group>"; };
		2FFB0C4A25A873EC00FAED42 /* ProfileSettingsViewModel.swift */ = {isa = PBXFileReference; lastKnownFileType = sourcecode.swift; path = ProfileSettingsViewModel.swift; sourceTree = "<group>"; };
		2FFB0C4D25A8740400FAED42 /* ProfileSettings.swift */ = {isa = PBXFileReference; lastKnownFileType = sourcecode.swift; path = ProfileSettings.swift; sourceTree = "<group>"; };
		497871CF40741AC493C61604 /* Pods_BeStrokes.framework */ = {isa = PBXFileReference; explicitFileType = wrapper.framework; includeInIndex = 0; path = Pods_BeStrokes.framework; sourceTree = BUILT_PRODUCTS_DIR; };
		648C2547C4CAA81B7FA7CD60 /* Pods-BeStrokes.release.xcconfig */ = {isa = PBXFileReference; includeInIndex = 1; lastKnownFileType = text.xcconfig; name = "Pods-BeStrokes.release.xcconfig"; path = "Target Support Files/Pods-BeStrokes/Pods-BeStrokes.release.xcconfig"; sourceTree = "<group>"; };
		9E470226026C6FA7D956F1DD /* Pods-BeStrokes.debug.xcconfig */ = {isa = PBXFileReference; includeInIndex = 1; lastKnownFileType = text.xcconfig; name = "Pods-BeStrokes.debug.xcconfig"; path = "Target Support Files/Pods-BeStrokes/Pods-BeStrokes.debug.xcconfig"; sourceTree = "<group>"; };
/* End PBXFileReference section */

/* Begin PBXFrameworksBuildPhase section */
		2FE99CF125183D3F002AFFDC /* Frameworks */ = {
			isa = PBXFrameworksBuildPhase;
			buildActionMask = 2147483647;
			files = (
				C701D0654D7D370E8996BA27 /* Pods_BeStrokes.framework in Frameworks */,
			);
			runOnlyForDeploymentPostprocessing = 0;
		};
/* End PBXFrameworksBuildPhase section */

/* Begin PBXGroup section */
		208E47A770358EDDFA758920 /* Frameworks */ = {
			isa = PBXGroup;
			children = (
				497871CF40741AC493C61604 /* Pods_BeStrokes.framework */,
			);
			name = Frameworks;
			sourceTree = "<group>";
		};
		2F23FCA7257845F100E69933 /* Storyboards */ = {
			isa = PBXGroup;
			children = (
				2FE99CFD25183D3F002AFFDC /* Main.storyboard */,
				2F402CA5256806DD00666028 /* User.storyboard */,
				2FE99D0225183D40002AFFDC /* LaunchScreen.storyboard */,
			);
			path = Storyboards;
			sourceTree = "<group>";
		};
		2F23FCA82578462500E69933 /* Xibs */ = {
			isa = PBXGroup;
			children = (
				2F58B0E625A4B255009EFDE5 /* Home */,
				2FC8FAED25A7D98E00A3C7F2 /* Profile */,
				2FC8FAEA25A7D97D00A3C7F2 /* Account */,
			);
			path = Xibs;
			sourceTree = "<group>";
		};
		2F58B0E625A4B255009EFDE5 /* Home */ = {
			isa = PBXGroup;
			children = (
				2FD6E4D0257AC96100B49E41 /* FeaturedCollectionViewCell.swift */,
				2FD6E4D1257AC96100B49E41 /* FeaturedCollectionViewCell.xib */,
				2FD6E4DE257AC9BE00B49E41 /* StickerCategoryCollectionViewCell.swift */,
				2FD6E4DF257AC9BE00B49E41 /* StickerCategoryCollectionViewCell.xib */,
				2FD6E4D8257AC99900B49E41 /* StickerCollectionViewCell.swift */,
				2FD6E4D9257AC99900B49E41 /* StickerCollectionViewCell.xib */,
			);
			path = Home;
			sourceTree = "<group>";
		};
		2F88A013259B1A6300AAC82D /* Model */ = {
			isa = PBXGroup;
			children = (
				2F58B0E025A47CE0009EFDE5 /* User.swift */,
				2F88A015259B1FBC00AAC82D /* Sticker.swift */,
				2F1D266C259C5725003ABDCF /* StickerCategory.swift */,
				2FFB0C4D25A8740400FAED42 /* ProfileSettings.swift */,
			);
			path = Model;
			sourceTree = "<group>";
		};
		2F88A014259B1DE100AAC82D /* ViewModel */ = {
			isa = PBXGroup;
			children = (
				2F58B0DD25A47CB7009EFDE5 /* UserViewModel.swift */,
				2F88A018259B239700AAC82D /* StickerViewModel.swift */,
				2F7950CF259CC62F005B2A27 /* StickerCategoryViewModel.swift */,
				2FFB0C4A25A873EC00FAED42 /* ProfileSettingsViewModel.swift */,
			);
			path = ViewModel;
			sourceTree = "<group>";
		};
		2F90B467253C984B000AD29A /* Controller */ = {
			isa = PBXGroup;
			children = (
				2FD634692567F76600C00EE9 /* Guest */,
				2FD6346A2567F77800C00EE9 /* Users */,
			);
			path = Controller;
			sourceTree = "<group>";
		};
		2F90B46D253C987A000AD29A /* View */ = {
			isa = PBXGroup;
			children = (
				2F23FCA7257845F100E69933 /* Storyboards */,
				2F23FCA82578462500E69933 /* Xibs */,
			);
			path = View;
			sourceTree = "<group>";
		};
		2FB1ABE32552ED430076A8FD /* Helpers */ = {
			isa = PBXGroup;
			children = (
				2FB1ABE42552ED8C0076A8FD /* Strings.swift */,
				2F382FC52562E3CD00D3A125 /* Utilities.swift */,
			);
			path = Helpers;
			sourceTree = "<group>";
		};
		2FC8FAEA25A7D97D00A3C7F2 /* Account */ = {
			isa = PBXGroup;
			children = (
				2FEB84002598B0E200E1112C /* SavedStickersTableViewCell.swift */,
				2FEB84012598B0E200E1112C /* SavedStickersTableViewCell.xib */,
			);
			path = Account;
			sourceTree = "<group>";
		};
		2FC8FAED25A7D98E00A3C7F2 /* Profile */ = {
			isa = PBXGroup;
			children = (
				2F3141552594EFC900D47E3F /* ProfileTableViewCell.swift */,
				2F3141562594EFC900D47E3F /* ProfileTableViewCell.xib */,
			);
			path = Profile;
			sourceTree = "<group>";
		};
		2FD634692567F76600C00EE9 /* Guest */ = {
			isa = PBXGroup;
			children = (
				2F393A12255AEB57006CDBDE /* LandingViewController.swift */,
				2F393A0E255AEAEA006CDBDE /* LandingPageViewController.swift */,
				2F393A16255AEBBE006CDBDE /* LandingPageContentViewController.swift */,
				2FBA003E25656C7200B763D7 /* LoginViewControllerContainer.swift */,
				2F1125532551A005004A02B1 /* LoginViewController.swift */,
				2F51D3202565915C00EDCD00 /* ForgotPasswordViewControllerContainer.swift */,
				2F11255A2551A03E004A02B1 /* ForgotPasswordViewController.swift */,
				2F8F950C2565C59A00ECDF83 /* SignUpViewControllerContainer.swift */,
				2F1125562551A024004A02B1 /* SignUpViewController.swift */,
				2FD12264255AB77A00DA9F9E /* GetStartedViewController.swift */,
			);
			path = Guest;
			sourceTree = "<group>";
		};
		2FD6346A2567F77800C00EE9 /* Users */ = {
			isa = PBXGroup;
			children = (
				2F11255D2551A083004A02B1 /* HomeViewController.swift */,
				2F6EAB1525A5A9A300BEFE6C /* StickerOptionViewController.swift */,
				2FFB0C4725A84EAC00FAED42 /* ProfileViewController.swift */,
				2FE99CFB25183D3F002AFFDC /* CaptureViewController.swift */,
				2F1125612551A097004A02B1 /* AccountViewController.swift */,
				2F4CE06D257E63F9001C3768 /* StickersViewController.swift */,
				2FF328302580FEF4001E6E1E /* TabBarViewController.swift */,
			);
			path = Users;
			sourceTree = "<group>";
		};
		2FE99CEB25183D3F002AFFDC = {
			isa = PBXGroup;
			children = (
				2FE99CF625183D3F002AFFDC /* BeStrokes */,
				2FE99CF525183D3F002AFFDC /* Products */,
				5F700103B4BB961470E849C1 /* Pods */,
				208E47A770358EDDFA758920 /* Frameworks */,
			);
			sourceTree = "<group>";
		};
		2FE99CF525183D3F002AFFDC /* Products */ = {
			isa = PBXGroup;
			children = (
				2FE99CF425183D3F002AFFDC /* BeStrokes.app */,
			);
			name = Products;
			sourceTree = "<group>";
		};
		2FE99CF625183D3F002AFFDC /* BeStrokes */ = {
			isa = PBXGroup;
			children = (
				2FE99CF725183D3F002AFFDC /* AppDelegate.swift */,
				2FDE0C5F251B2F8E00A0A75D /* Assets.xcassets */,
				2FE99CF925183D3F002AFFDC /* art.scnassets */,
				2F88A013259B1A6300AAC82D /* Model */,
				2F90B46D253C987A000AD29A /* View */,
				2F88A014259B1DE100AAC82D /* ViewModel */,
				2F90B467253C984B000AD29A /* Controller */,
				2FB1ABE32552ED430076A8FD /* Helpers */,
				2FE99D0525183D40002AFFDC /* Info.plist */,
				2F1125652551AE59004A02B1 /* GoogleService-Info.plist */,
			);
			path = BeStrokes;
			sourceTree = "<group>";
		};
		5F700103B4BB961470E849C1 /* Pods */ = {
			isa = PBXGroup;
			children = (
				9E470226026C6FA7D956F1DD /* Pods-BeStrokes.debug.xcconfig */,
				648C2547C4CAA81B7FA7CD60 /* Pods-BeStrokes.release.xcconfig */,
			);
			path = Pods;
			sourceTree = "<group>";
		};
/* End PBXGroup section */

/* Begin PBXNativeTarget section */
		2FE99CF325183D3F002AFFDC /* BeStrokes */ = {
			isa = PBXNativeTarget;
			buildConfigurationList = 2FE99D0825183D40002AFFDC /* Build configuration list for PBXNativeTarget "BeStrokes" */;
			buildPhases = (
				D68474571E1E201D69E63A52 /* [CP] Check Pods Manifest.lock */,
				2FE99CF025183D3F002AFFDC /* Sources */,
				2FE99CF125183D3F002AFFDC /* Frameworks */,
				2FE99CF225183D3F002AFFDC /* Resources */,
				126265925E0071F7A6C8E97F /* [CP] Embed Pods Frameworks */,
			);
			buildRules = (
			);
			dependencies = (
			);
			name = BeStrokes;
			productName = BeStrokes;
			productReference = 2FE99CF425183D3F002AFFDC /* BeStrokes.app */;
			productType = "com.apple.product-type.application";
		};
/* End PBXNativeTarget section */

/* Begin PBXProject section */
		2FE99CEC25183D3F002AFFDC /* Project object */ = {
			isa = PBXProject;
			attributes = {
				LastSwiftUpdateCheck = 1200;
				LastUpgradeCheck = 1200;
				TargetAttributes = {
					2FE99CF325183D3F002AFFDC = {
						CreatedOnToolsVersion = 12.0;
						LastSwiftMigration = 1220;
					};
				};
			};
			buildConfigurationList = 2FE99CEF25183D3F002AFFDC /* Build configuration list for PBXProject "BeStrokes" */;
			compatibilityVersion = "Xcode 9.3";
			developmentRegion = en;
			hasScannedForEncodings = 0;
			knownRegions = (
				en,
				Base,
			);
			mainGroup = 2FE99CEB25183D3F002AFFDC;
			productRefGroup = 2FE99CF525183D3F002AFFDC /* Products */;
			projectDirPath = "";
			projectRoot = "";
			targets = (
				2FE99CF325183D3F002AFFDC /* BeStrokes */,
			);
		};
/* End PBXProject section */

/* Begin PBXResourcesBuildPhase section */
		2FE99CF225183D3F002AFFDC /* Resources */ = {
			isa = PBXResourcesBuildPhase;
			buildActionMask = 2147483647;
			files = (
				2FE99CFA25183D3F002AFFDC /* art.scnassets in Resources */,
				2FEB84052598B0E200E1112C /* SavedStickersTableViewCell.xib in Resources */,
				2FE99D0425183D40002AFFDC /* LaunchScreen.storyboard in Resources */,
				2F1125662551AE59004A02B1 /* GoogleService-Info.plist in Resources */,
				2F3141582594EFC900D47E3F /* ProfileTableViewCell.xib in Resources */,
				2F5608BA253CA9B300544F68 /* Assets.xcassets in Resources */,
				2FD6E4E1257AC9BE00B49E41 /* StickerCategoryCollectionViewCell.xib in Resources */,
				2FE99CFF25183D3F002AFFDC /* Main.storyboard in Resources */,
				2F402CA6256806DD00666028 /* User.storyboard in Resources */,
				2FD6E4DB257AC99900B49E41 /* StickerCollectionViewCell.xib in Resources */,
				2FD6E4D3257AC96100B49E41 /* FeaturedCollectionViewCell.xib in Resources */,
			);
			runOnlyForDeploymentPostprocessing = 0;
		};
/* End PBXResourcesBuildPhase section */

/* Begin PBXShellScriptBuildPhase section */
		126265925E0071F7A6C8E97F /* [CP] Embed Pods Frameworks */ = {
			isa = PBXShellScriptBuildPhase;
			buildActionMask = 2147483647;
			files = (
			);
			inputFileListPaths = (
				"${PODS_ROOT}/Target Support Files/Pods-BeStrokes/Pods-BeStrokes-frameworks-${CONFIGURATION}-input-files.xcfilelist",
			);
			name = "[CP] Embed Pods Frameworks";
			outputFileListPaths = (
				"${PODS_ROOT}/Target Support Files/Pods-BeStrokes/Pods-BeStrokes-frameworks-${CONFIGURATION}-output-files.xcfilelist",
			);
			runOnlyForDeploymentPostprocessing = 0;
			shellPath = /bin/sh;
			shellScript = "\"${PODS_ROOT}/Target Support Files/Pods-BeStrokes/Pods-BeStrokes-frameworks.sh\"\n";
			showEnvVarsInLog = 0;
		};
		D68474571E1E201D69E63A52 /* [CP] Check Pods Manifest.lock */ = {
			isa = PBXShellScriptBuildPhase;
			buildActionMask = 2147483647;
			files = (
			);
			inputFileListPaths = (
			);
			inputPaths = (
				"${PODS_PODFILE_DIR_PATH}/Podfile.lock",
				"${PODS_ROOT}/Manifest.lock",
			);
			name = "[CP] Check Pods Manifest.lock";
			outputFileListPaths = (
			);
			outputPaths = (
				"$(DERIVED_FILE_DIR)/Pods-BeStrokes-checkManifestLockResult.txt",
			);
			runOnlyForDeploymentPostprocessing = 0;
			shellPath = /bin/sh;
			shellScript = "diff \"${PODS_PODFILE_DIR_PATH}/Podfile.lock\" \"${PODS_ROOT}/Manifest.lock\" > /dev/null\nif [ $? != 0 ] ; then\n    # print error to STDERR\n    echo \"error: The sandbox is not in sync with the Podfile.lock. Run 'pod install' or update your CocoaPods installation.\" >&2\n    exit 1\nfi\n# This output is used by Xcode 'outputs' to avoid re-running this script phase.\necho \"SUCCESS\" > \"${SCRIPT_OUTPUT_FILE_0}\"\n";
			showEnvVarsInLog = 0;
		};
/* End PBXShellScriptBuildPhase section */

/* Begin PBXSourcesBuildPhase section */
		2FE99CF025183D3F002AFFDC /* Sources */ = {
			isa = PBXSourcesBuildPhase;
			buildActionMask = 2147483647;
			files = (
				2F1125622551A097004A02B1 /* AccountViewController.swift in Sources */,
				2F11255B2551A03E004A02B1 /* ForgotPasswordViewController.swift in Sources */,
				2F393A13255AEB57006CDBDE /* LandingViewController.swift in Sources */,
				2FE99CFC25183D3F002AFFDC /* CaptureViewController.swift in Sources */,
				2F58B0E125A47CE0009EFDE5 /* User.swift in Sources */,
				2FF328312580FEF4001E6E1E /* TabBarViewController.swift in Sources */,
				2F88A016259B1FBC00AAC82D /* Sticker.swift in Sources */,
				2FD6E4DA257AC99900B49E41 /* StickerCollectionViewCell.swift in Sources */,
				2FD6E4E0257AC9BE00B49E41 /* StickerCategoryCollectionViewCell.swift in Sources */,
				2F382FC62562E3CD00D3A125 /* Utilities.swift in Sources */,
				2FEB84042598B0E200E1112C /* SavedStickersTableViewCell.swift in Sources */,
				2F3141572594EFC900D47E3F /* ProfileTableViewCell.swift in Sources */,
				2FFB0C4825A84EAC00FAED42 /* ProfileViewController.swift in Sources */,
				2FD6E4D2257AC96100B49E41 /* FeaturedCollectionViewCell.swift in Sources */,
				2FFB0C4B25A873EC00FAED42 /* ProfileSettingsViewModel.swift in Sources */,
				2F11255E2551A083004A02B1 /* HomeViewController.swift in Sources */,
				2F58B0DE25A47CB7009EFDE5 /* UserViewModel.swift in Sources */,
				2F8F950D2565C59A00ECDF83 /* SignUpViewControllerContainer.swift in Sources */,
				2FBA003F25656C7200B763D7 /* LoginViewControllerContainer.swift in Sources */,
				2FFB0C4E25A8740400FAED42 /* ProfileSettings.swift in Sources */,
				2F393A17255AEBBE006CDBDE /* LandingPageContentViewController.swift in Sources */,
				2F1125542551A005004A02B1 /* LoginViewController.swift in Sources */,
				2F393A0F255AEAEA006CDBDE /* LandingPageViewController.swift in Sources */,
				2F4CE06E257E63F9001C3768 /* StickersViewController.swift in Sources */,
				2FD12265255AB77A00DA9F9E /* GetStartedViewController.swift in Sources */,
				2F88A019259B239700AAC82D /* StickerViewModel.swift in Sources */,
				2FE99CF825183D3F002AFFDC /* AppDelegate.swift in Sources */,
				2F1125572551A024004A02B1 /* SignUpViewController.swift in Sources */,
				2F6EAB1625A5A9A400BEFE6C /* StickerOptionViewController.swift in Sources */,
				2FB1ABE52552ED8C0076A8FD /* Strings.swift in Sources */,
				2F51D3212565915D00EDCD00 /* ForgotPasswordViewControllerContainer.swift in Sources */,
				2F7950D0259CC62F005B2A27 /* StickerCategoryViewModel.swift in Sources */,
				2F1D266D259C5725003ABDCF /* StickerCategory.swift in Sources */,
			);
			runOnlyForDeploymentPostprocessing = 0;
		};
/* End PBXSourcesBuildPhase section */

/* Begin PBXVariantGroup section */
		2FE99CFD25183D3F002AFFDC /* Main.storyboard */ = {
			isa = PBXVariantGroup;
			children = (
				2FE99CFE25183D3F002AFFDC /* Base */,
			);
			name = Main.storyboard;
			sourceTree = "<group>";
		};
		2FE99D0225183D40002AFFDC /* LaunchScreen.storyboard */ = {
			isa = PBXVariantGroup;
			children = (
				2FE99D0325183D40002AFFDC /* Base */,
			);
			name = LaunchScreen.storyboard;
			sourceTree = "<group>";
		};
/* End PBXVariantGroup section */

/* Begin XCBuildConfiguration section */
		2FE99D0625183D40002AFFDC /* Debug */ = {
			isa = XCBuildConfiguration;
			buildSettings = {
				ALWAYS_SEARCH_USER_PATHS = NO;
				CLANG_ANALYZER_NONNULL = YES;
				CLANG_ANALYZER_NUMBER_OBJECT_CONVERSION = YES_AGGRESSIVE;
				CLANG_CXX_LANGUAGE_STANDARD = "gnu++14";
				CLANG_CXX_LIBRARY = "libc++";
				CLANG_ENABLE_MODULES = YES;
				CLANG_ENABLE_OBJC_ARC = YES;
				CLANG_ENABLE_OBJC_WEAK = YES;
				CLANG_WARN_BLOCK_CAPTURE_AUTORELEASING = YES;
				CLANG_WARN_BOOL_CONVERSION = YES;
				CLANG_WARN_COMMA = YES;
				CLANG_WARN_CONSTANT_CONVERSION = YES;
				CLANG_WARN_DEPRECATED_OBJC_IMPLEMENTATIONS = YES;
				CLANG_WARN_DIRECT_OBJC_ISA_USAGE = YES_ERROR;
				CLANG_WARN_DOCUMENTATION_COMMENTS = YES;
				CLANG_WARN_EMPTY_BODY = YES;
				CLANG_WARN_ENUM_CONVERSION = YES;
				CLANG_WARN_INFINITE_RECURSION = YES;
				CLANG_WARN_INT_CONVERSION = YES;
				CLANG_WARN_NON_LITERAL_NULL_CONVERSION = YES;
				CLANG_WARN_OBJC_IMPLICIT_RETAIN_SELF = YES;
				CLANG_WARN_OBJC_LITERAL_CONVERSION = YES;
				CLANG_WARN_OBJC_ROOT_CLASS = YES_ERROR;
				CLANG_WARN_QUOTED_INCLUDE_IN_FRAMEWORK_HEADER = YES;
				CLANG_WARN_RANGE_LOOP_ANALYSIS = YES;
				CLANG_WARN_STRICT_PROTOTYPES = YES;
				CLANG_WARN_SUSPICIOUS_MOVE = YES;
				CLANG_WARN_UNGUARDED_AVAILABILITY = YES_AGGRESSIVE;
				CLANG_WARN_UNREACHABLE_CODE = YES;
				CLANG_WARN__DUPLICATE_METHOD_MATCH = YES;
				COPY_PHASE_STRIP = NO;
				DEBUG_INFORMATION_FORMAT = dwarf;
				ENABLE_STRICT_OBJC_MSGSEND = YES;
				ENABLE_TESTABILITY = YES;
				GCC_C_LANGUAGE_STANDARD = gnu11;
				GCC_DYNAMIC_NO_PIC = NO;
				GCC_NO_COMMON_BLOCKS = YES;
				GCC_OPTIMIZATION_LEVEL = 0;
				GCC_PREPROCESSOR_DEFINITIONS = (
					"DEBUG=1",
					"$(inherited)",
				);
				GCC_WARN_64_TO_32_BIT_CONVERSION = YES;
				GCC_WARN_ABOUT_RETURN_TYPE = YES_ERROR;
				GCC_WARN_UNDECLARED_SELECTOR = YES;
				GCC_WARN_UNINITIALIZED_AUTOS = YES_AGGRESSIVE;
				GCC_WARN_UNUSED_FUNCTION = YES;
				GCC_WARN_UNUSED_VARIABLE = YES;
				IPHONEOS_DEPLOYMENT_TARGET = 14.2;
				MTL_ENABLE_DEBUG_INFO = INCLUDE_SOURCE;
				MTL_FAST_MATH = YES;
				ONLY_ACTIVE_ARCH = YES;
				SDKROOT = iphoneos;
				SWIFT_ACTIVE_COMPILATION_CONDITIONS = DEBUG;
				SWIFT_OPTIMIZATION_LEVEL = "-Onone";
				SWIFT_VERSION = 5.0;
			};
			name = Debug;
		};
		2FE99D0725183D40002AFFDC /* Release */ = {
			isa = XCBuildConfiguration;
			buildSettings = {
				ALWAYS_SEARCH_USER_PATHS = NO;
				CLANG_ANALYZER_NONNULL = YES;
				CLANG_ANALYZER_NUMBER_OBJECT_CONVERSION = YES_AGGRESSIVE;
				CLANG_CXX_LANGUAGE_STANDARD = "gnu++14";
				CLANG_CXX_LIBRARY = "libc++";
				CLANG_ENABLE_MODULES = YES;
				CLANG_ENABLE_OBJC_ARC = YES;
				CLANG_ENABLE_OBJC_WEAK = YES;
				CLANG_WARN_BLOCK_CAPTURE_AUTORELEASING = YES;
				CLANG_WARN_BOOL_CONVERSION = YES;
				CLANG_WARN_COMMA = YES;
				CLANG_WARN_CONSTANT_CONVERSION = YES;
				CLANG_WARN_DEPRECATED_OBJC_IMPLEMENTATIONS = YES;
				CLANG_WARN_DIRECT_OBJC_ISA_USAGE = YES_ERROR;
				CLANG_WARN_DOCUMENTATION_COMMENTS = YES;
				CLANG_WARN_EMPTY_BODY = YES;
				CLANG_WARN_ENUM_CONVERSION = YES;
				CLANG_WARN_INFINITE_RECURSION = YES;
				CLANG_WARN_INT_CONVERSION = YES;
				CLANG_WARN_NON_LITERAL_NULL_CONVERSION = YES;
				CLANG_WARN_OBJC_IMPLICIT_RETAIN_SELF = YES;
				CLANG_WARN_OBJC_LITERAL_CONVERSION = YES;
				CLANG_WARN_OBJC_ROOT_CLASS = YES_ERROR;
				CLANG_WARN_QUOTED_INCLUDE_IN_FRAMEWORK_HEADER = YES;
				CLANG_WARN_RANGE_LOOP_ANALYSIS = YES;
				CLANG_WARN_STRICT_PROTOTYPES = YES;
				CLANG_WARN_SUSPICIOUS_MOVE = YES;
				CLANG_WARN_UNGUARDED_AVAILABILITY = YES_AGGRESSIVE;
				CLANG_WARN_UNREACHABLE_CODE = YES;
				CLANG_WARN__DUPLICATE_METHOD_MATCH = YES;
				COPY_PHASE_STRIP = NO;
				DEBUG_INFORMATION_FORMAT = "dwarf-with-dsym";
				ENABLE_NS_ASSERTIONS = NO;
				ENABLE_STRICT_OBJC_MSGSEND = YES;
				GCC_C_LANGUAGE_STANDARD = gnu11;
				GCC_NO_COMMON_BLOCKS = YES;
				GCC_WARN_64_TO_32_BIT_CONVERSION = YES;
				GCC_WARN_ABOUT_RETURN_TYPE = YES_ERROR;
				GCC_WARN_UNDECLARED_SELECTOR = YES;
				GCC_WARN_UNINITIALIZED_AUTOS = YES_AGGRESSIVE;
				GCC_WARN_UNUSED_FUNCTION = YES;
				GCC_WARN_UNUSED_VARIABLE = YES;
				IPHONEOS_DEPLOYMENT_TARGET = 14.2;
				MTL_ENABLE_DEBUG_INFO = NO;
				MTL_FAST_MATH = YES;
				SDKROOT = iphoneos;
				SWIFT_COMPILATION_MODE = wholemodule;
				SWIFT_OPTIMIZATION_LEVEL = "-O";
				SWIFT_VERSION = 5.0;
				VALIDATE_PRODUCT = YES;
			};
			name = Release;
		};
		2FE99D0925183D40002AFFDC /* Debug */ = {
			isa = XCBuildConfiguration;
			baseConfigurationReference = 9E470226026C6FA7D956F1DD /* Pods-BeStrokes.debug.xcconfig */;
			buildSettings = {
				ASSETCATALOG_COMPILER_APPICON_NAME = AppIcon;
				ASSETCATALOG_COMPILER_GLOBAL_ACCENT_COLOR_NAME = AccentColor;
				CLANG_ENABLE_MODULES = YES;
				CODE_SIGN_STYLE = Automatic;
				DEVELOPMENT_TEAM = 45SQC9S7Z7;
				INFOPLIST_FILE = BeStrokes/Info.plist;
				LD_RUNPATH_SEARCH_PATHS = (
					"$(inherited)",
					"@executable_path/Frameworks",
				);
				PRODUCT_BUNDLE_IDENTIFIER = com.francisnormanmacabunga.BeStrokes;
				PRODUCT_NAME = "$(TARGET_NAME)";
				SWIFT_OPTIMIZATION_LEVEL = "-Onone";
				SWIFT_VERSION = 5.0;
				TARGETED_DEVICE_FAMILY = "1,2";
			};
			name = Debug;
		};
		2FE99D0A25183D40002AFFDC /* Release */ = {
			isa = XCBuildConfiguration;
			baseConfigurationReference = 648C2547C4CAA81B7FA7CD60 /* Pods-BeStrokes.release.xcconfig */;
			buildSettings = {
				ASSETCATALOG_COMPILER_APPICON_NAME = AppIcon;
				ASSETCATALOG_COMPILER_GLOBAL_ACCENT_COLOR_NAME = AccentColor;
				CLANG_ENABLE_MODULES = YES;
				CODE_SIGN_STYLE = Automatic;
				DEVELOPMENT_TEAM = 45SQC9S7Z7;
				INFOPLIST_FILE = BeStrokes/Info.plist;
				LD_RUNPATH_SEARCH_PATHS = (
					"$(inherited)",
					"@executable_path/Frameworks",
				);
				PRODUCT_BUNDLE_IDENTIFIER = com.francisnormanmacabunga.BeStrokes;
				PRODUCT_NAME = "$(TARGET_NAME)";
				SWIFT_OBJC_BRIDGING_HEADER = "";
				SWIFT_VERSION = 5.0;
				TARGETED_DEVICE_FAMILY = "1,2";
			};
			name = Release;
		};
/* End XCBuildConfiguration section */

/* Begin XCConfigurationList section */
		2FE99CEF25183D3F002AFFDC /* Build configuration list for PBXProject "BeStrokes" */ = {
			isa = XCConfigurationList;
			buildConfigurations = (
				2FE99D0625183D40002AFFDC /* Debug */,
				2FE99D0725183D40002AFFDC /* Release */,
			);
			defaultConfigurationIsVisible = 0;
			defaultConfigurationName = Release;
		};
		2FE99D0825183D40002AFFDC /* Build configuration list for PBXNativeTarget "BeStrokes" */ = {
			isa = XCConfigurationList;
			buildConfigurations = (
				2FE99D0925183D40002AFFDC /* Debug */,
				2FE99D0A25183D40002AFFDC /* Release */,
			);
			defaultConfigurationIsVisible = 0;
			defaultConfigurationName = Release;
		};
/* End XCConfigurationList section */
	};
	rootObject = 2FE99CEC25183D3F002AFFDC /* Project object */;
}
